# This file is automatically @generated by Cargo.
# It is not intended for manual editing.
version = 3

[[package]]
name = "colorful"
version = "0.3.2"
source = "registry+https://github.com/rust-lang/crates.io-index"
checksum = "ffb474a9c3219a8254ead020421ecf1b90427f29b55f6aae9a2471fa62c126ef"

[[package]]
name = "didungeon"
version = "0.1.0"
dependencies = [
 "colorful",
]
